
Microsoft Visual Studio Solution File, Format Version 12.00
# Visual Studio Version 17
VisualStudioVersion = 17.0.32126.317
MinimumVisualStudioVersion = 10.0.40219.1
Project("{FAE04EC0-301F-11D3-BF4B-00C04F79EFBC}") = "DSS", "DSS\DSS.csproj", "{64295692-3277-4187-BCCF-0AF4CB1F9350}"
EndProject
Global
	GlobalSection(SolutionConfigurationPlatforms) = preSolution
		Debug|Any CPU = Debug|Any CPU
		Release|Any CPU = Release|Any CPU
	EndGlobalSection
	GlobalSection(ProjectConfigurationPlatforms) = postSolution
		{64295692-3277-4187-BCCF-0AF4CB1F9350}.Debug|Any CPU.ActiveCfg = Debug|Any CPU
		{64295692-3277-4187-BCCF-0AF4CB1F9350}.Debug|Any CPU.Build.0 = Debug|Any CPU
		{64295692-3277-4187-BCCF-0AF4CB1F9350}.Release|Any CPU.ActiveCfg = Release|Any CPU
		{64295692-3277-4187-BCCF-0AF4CB1F9350}.Release|Any CPU.Build.0 = Release|Any CPU
	EndGlobalSection
	GlobalSection(SolutionProperties) = preSolution
		HideSolutionNode = FALSE
	EndGlobalSection
	GlobalSection(ExtensibilityGlobals) = postSolution
		SolutionGuid = {470D8B7D-44CE-4017-8B01-7ADE0379CBA9}
	EndGlobalSection
EndGlobal
